DEPENDENCIES
  git
  imagemagick
  nginx
  opencv
    git: https://github.com/MisumiRize/opencv-cookbook.git
    revision: 3f5e4f6b90aa34aec9a48fb442d25c2aac9d4fa7
  rbenv

GRAPH
  apt (2.3.8)
  bluepill (2.3.1)
    rsyslog (>= 0.0.0)
  build-essential (2.0.0)
  chef_handler (1.1.6)
  chocolatey (0.1.0)
    powershell (>= 0.0.0)
  dmg (2.2.0)
  git (4.0.0)
    build-essential (>= 0.0.0)
    dmg (>= 0.0.0)
    runit (>= 1.0.0)
    windows (>= 0.0.0)
    yum (~> 3.0)
    yum-epel (>= 0.0.0)
  imagemagick (0.2.3)
  ms_dotnet2 (1.0.0)
    windows (>= 0.0.0)
  ms_dotnet4 (1.0.2)
    windows (>= 0.0.0)
  ms_dotnet45 (1.1.2)
    windows (>= 0.0.0)
  nginx (2.6.2)
    apt (~> 2.2)
    bluepill (~> 2.3)
    build-essential (~> 2.0)
    ohai (~> 1.1)
    runit (~> 1.2)
    yum-epel (~> 0.3)
  ohai (1.1.12)
  opencv (0.0.4)
    apt (>= 0.0.0)
    build-essential (>= 0.0.0)
    chocolatey (>= 0.0.0)
    python (>= 0.0.0)
    yum (>= 0.0.0)
  powershell (3.0.0)
    ms_dotnet2 (>= 0.0.0)
    ms_dotnet4 (>= 0.0.0)
    ms_dotnet45 (>= 0.0.0)
    windows (>= 1.2.8)
  python (1.4.6)
    build-essential (>= 0.0.0)
    yum-epel (>= 0.0.0)
  rbenv (1.7.1)
    apt (>= 0.0.0)
    build-essential (>= 0.0.0)
    git (>= 0.0.0)
    ohai (>= 1.1)
  rsyslog (1.12.2)
  runit (1.5.10)
    build-essential (>= 0.0.0)
    yum (~> 3.0)
    yum-epel (>= 0.0.0)
  windows (1.30.2)
    chef_handler (>= 0.0.0)
  yum (3.2.0)
  yum-epel (0.3.6)
    yum (~> 3.0)
